
Microsoft Visual Studio Solution File, Format Version 12.00
# Visual Studio Version 17
VisualStudioVersion = 17.8.34330.188
MinimumVisualStudioVersion = 10.0.40219.1
Project("{9A19103F-16F7-4668-BE54-9A1E7A4F7556}") = "Domain", "Domain\Domain.csproj", "{852BEB2F-2977-466B-84E7-A1F73A19B721}"
EndProject
Project("{9A19103F-16F7-4668-BE54-9A1E7A4F7556}") = "Application", "Application\Application.csproj", "{7A4F79BF-DC1C-4FE6-8760-A636A59CE307}"
EndProject
Project("{9A19103F-16F7-4668-BE54-9A1E7A4F7556}") = "Infrastructure", "interface\Infrastructure.csproj", "{65FB1CAA-BE44-4CC8-8191-B932ECB6B020}"
EndProject
Project("{9A19103F-16F7-4668-BE54-9A1E7A4F7556}") = "Presentation", "Presentation\Presentation.csproj", "{1ED98449-C689-4DE1-AE28-722A72A9EAEF}"
EndProject
Project("{FAE04EC0-301F-11D3-BF4B-00C04F79EFBC}") = "MovieApi", "MovieApi\MovieApi.csproj", "{BC864BE8-81D4-4E96-926F-D36103C1B600}"
EndProject
Global
	GlobalSection(SolutionConfigurationPlatforms) = preSolution
		Debug|Any CPU = Debug|Any CPU
		Release|Any CPU = Release|Any CPU
	EndGlobalSection
	GlobalSection(ProjectConfigurationPlatforms) = postSolution
		{852BEB2F-2977-466B-84E7-A1F73A19B721}.Debug|Any CPU.ActiveCfg = Debug|Any CPU
		{852BEB2F-2977-466B-84E7-A1F73A19B721}.Debug|Any CPU.Build.0 = Debug|Any CPU
		{852BEB2F-2977-466B-84E7-A1F73A19B721}.Release|Any CPU.ActiveCfg = Release|Any CPU
		{852BEB2F-2977-466B-84E7-A1F73A19B721}.Release|Any CPU.Build.0 = Release|Any CPU
		{7A4F79BF-DC1C-4FE6-8760-A636A59CE307}.Debug|Any CPU.ActiveCfg = Debug|Any CPU
		{7A4F79BF-DC1C-4FE6-8760-A636A59CE307}.Debug|Any CPU.Build.0 = Debug|Any CPU
		{7A4F79BF-DC1C-4FE6-8760-A636A59CE307}.Release|Any CPU.ActiveCfg = Release|Any CPU
		{7A4F79BF-DC1C-4FE6-8760-A636A59CE307}.Release|Any CPU.Build.0 = Release|Any CPU
		{65FB1CAA-BE44-4CC8-8191-B932ECB6B020}.Debug|Any CPU.ActiveCfg = Debug|Any CPU
		{65FB1CAA-BE44-4CC8-8191-B932ECB6B020}.Debug|Any CPU.Build.0 = Debug|Any CPU
		{65FB1CAA-BE44-4CC8-8191-B932ECB6B020}.Release|Any CPU.ActiveCfg = Release|Any CPU
		{65FB1CAA-BE44-4CC8-8191-B932ECB6B020}.Release|Any CPU.Build.0 = Release|Any CPU
		{1ED98449-C689-4DE1-AE28-722A72A9EAEF}.Debug|Any CPU.ActiveCfg = Debug|Any CPU
		{1ED98449-C689-4DE1-AE28-722A72A9EAEF}.Debug|Any CPU.Build.0 = Debug|Any CPU
		{1ED98449-C689-4DE1-AE28-722A72A9EAEF}.Release|Any CPU.ActiveCfg = Release|Any CPU
		{1ED98449-C689-4DE1-AE28-722A72A9EAEF}.Release|Any CPU.Build.0 = Release|Any CPU
		{BC864BE8-81D4-4E96-926F-D36103C1B600}.Debug|Any CPU.ActiveCfg = Debug|Any CPU
		{BC864BE8-81D4-4E96-926F-D36103C1B600}.Debug|Any CPU.Build.0 = Debug|Any CPU
		{BC864BE8-81D4-4E96-926F-D36103C1B600}.Release|Any CPU.ActiveCfg = Release|Any CPU
		{BC864BE8-81D4-4E96-926F-D36103C1B600}.Release|Any CPU.Build.0 = Release|Any CPU
	EndGlobalSection
	GlobalSection(SolutionProperties) = preSolution
		HideSolutionNode = FALSE
	EndGlobalSection
	GlobalSection(ExtensibilityGlobals) = postSolution
		SolutionGuid = {4D06CB04-43F7-4134-A310-644D676DE645}
	EndGlobalSection
EndGlobal
